
Microsoft Visual Studio Solution File, Format Version 12.00
# Visual Studio Version 16
VisualStudioVersion = 16.0.31702.278
MinimumVisualStudioVersion = 10.0.40219.1
Project("{FAE04EC0-301F-11D3-BF4B-00C04F79EFBC}") = "json-parse", "json-parse\json-parse.csproj", "{950E032D-7253-413B-AD3F-55E9F24AEF8C}"
EndProject
Global
	GlobalSection(SolutionConfigurationPlatforms) = preSolution
		Debug|Any CPU = Debug|Any CPU
		Release|Any CPU = Release|Any CPU
	EndGlobalSection
	GlobalSection(ProjectConfigurationPlatforms) = postSolution
		{950E032D-7253-413B-AD3F-55E9F24AEF8C}.Debug|Any CPU.ActiveCfg = Debug|Any CPU
		{950E032D-7253-413B-AD3F-55E9F24AEF8C}.Debug|Any CPU.Build.0 = Debug|Any CPU
		{950E032D-7253-413B-AD3F-55E9F24AEF8C}.Release|Any CPU.ActiveCfg = Release|Any CPU
		{950E032D-7253-413B-AD3F-55E9F24AEF8C}.Release|Any CPU.Build.0 = Release|Any CPU
	EndGlobalSection
	GlobalSection(SolutionProperties) = preSolution
		HideSolutionNode = FALSE
	EndGlobalSection
	GlobalSection(ExtensibilityGlobals) = postSolution
		SolutionGuid = {D70A3AA5-0090-4CD9-87AC-3D004852C198}
	EndGlobalSection
EndGlobal
